
Microsoft Visual Studio Solution File, Format Version 12.00
# Visual Studio 15
VisualStudioVersion = 15.0.28307.1622
MinimumVisualStudioVersion = 10.0.40219.1
Project("{FAE04EC0-301F-11D3-BF4B-00C04F79EFBC}") = "RandomMatrix", "RandomMatrix\RandomMatrix.csproj", "{6DE72994-D552-4455-8D26-DF13C81F07D5}"
EndProject
Global
	GlobalSection(SolutionConfigurationPlatforms) = preSolution
		Debug|Any CPU = Debug|Any CPU
		Release|Any CPU = Release|Any CPU
	EndGlobalSection
	GlobalSection(ProjectConfigurationPlatforms) = postSolution
		{6DE72994-D552-4455-8D26-DF13C81F07D5}.Debug|Any CPU.ActiveCfg = Debug|Any CPU
		{6DE72994-D552-4455-8D26-DF13C81F07D5}.Debug|Any CPU.Build.0 = Debug|Any CPU
		{6DE72994-D552-4455-8D26-DF13C81F07D5}.Release|Any CPU.ActiveCfg = Release|Any CPU
		{6DE72994-D552-4455-8D26-DF13C81F07D5}.Release|Any CPU.Build.0 = Release|Any CPU
	EndGlobalSection
	GlobalSection(SolutionProperties) = preSolution
		HideSolutionNode = FALSE
	EndGlobalSection
	GlobalSection(ExtensibilityGlobals) = postSolution
		SolutionGuid = {B4A6C18B-E2AD-42EF-AE4A-ED1B11D4867F}
	EndGlobalSection
EndGlobal
